
Microsoft Visual Studio Solution File, Format Version 12.00
# Visual Studio Version 16
VisualStudioVersion = 16.0.31313.79
MinimumVisualStudioVersion = 10.0.40219.1
Project("{FAE04EC0-301F-11D3-BF4B-00C04F79EFBC}") = "SampleRest.WebApplication", "SampleRest.WebApplication\SampleRest.WebApplication.csproj", "{15CE9C37-2FBF-48EA-A779-67BED06ED01E}"
EndProject
Project("{FAE04EC0-301F-11D3-BF4B-00C04F79EFBC}") = "SampleRest.Client", "SampleRest.Client\SampleRest.Client.csproj", "{E68E975D-A8D2-4C65-ACAB-4C96E5D08A30}"
EndProject
Project("{FAE04EC0-301F-11D3-BF4B-00C04F79EFBC}") = "SampleRest.Test", "SampleRest.Test\SampleRest.Test.csproj", "{ECAAA861-289A-473F-B876-BCC13B49BEF0}"
EndProject
Global
	GlobalSection(SolutionConfigurationPlatforms) = preSolution
		Debug|Any CPU = Debug|Any CPU
		Release|Any CPU = Release|Any CPU
	EndGlobalSection
	GlobalSection(ProjectConfigurationPlatforms) = postSolution
		{15CE9C37-2FBF-48EA-A779-67BED06ED01E}.Debug|Any CPU.ActiveCfg = Debug|Any CPU
		{15CE9C37-2FBF-48EA-A779-67BED06ED01E}.Debug|Any CPU.Build.0 = Debug|Any CPU
		{15CE9C37-2FBF-48EA-A779-67BED06ED01E}.Release|Any CPU.ActiveCfg = Release|Any CPU
		{15CE9C37-2FBF-48EA-A779-67BED06ED01E}.Release|Any CPU.Build.0 = Release|Any CPU
		{E68E975D-A8D2-4C65-ACAB-4C96E5D08A30}.Debug|Any CPU.ActiveCfg = Debug|Any CPU
		{E68E975D-A8D2-4C65-ACAB-4C96E5D08A30}.Debug|Any CPU.Build.0 = Debug|Any CPU
		{E68E975D-A8D2-4C65-ACAB-4C96E5D08A30}.Release|Any CPU.ActiveCfg = Release|Any CPU
		{E68E975D-A8D2-4C65-ACAB-4C96E5D08A30}.Release|Any CPU.Build.0 = Release|Any CPU
		{ECAAA861-289A-473F-B876-BCC13B49BEF0}.Debug|Any CPU.ActiveCfg = Debug|Any CPU
		{ECAAA861-289A-473F-B876-BCC13B49BEF0}.Debug|Any CPU.Build.0 = Debug|Any CPU
		{ECAAA861-289A-473F-B876-BCC13B49BEF0}.Release|Any CPU.ActiveCfg = Release|Any CPU
		{ECAAA861-289A-473F-B876-BCC13B49BEF0}.Release|Any CPU.Build.0 = Release|Any CPU
	EndGlobalSection
	GlobalSection(SolutionProperties) = preSolution
		HideSolutionNode = FALSE
	EndGlobalSection
	GlobalSection(ExtensibilityGlobals) = postSolution
		SolutionGuid = {7423ACBD-312F-449B-9CA5-0A76C1C7A426}
	EndGlobalSection
EndGlobal
